
Microsoft Visual Studio Solution File, Format Version 12.00
# Visual Studio Version 16
VisualStudioVersion = 16.0.30320.27
MinimumVisualStudioVersion = 10.0.40219.1
Project("{FAE04EC0-301F-11D3-BF4B-00C04F79EFBC}") = "Servico.Produto", "Servico.Produto\Servico.Produto.csproj", "{5EFC09A3-D3E0-406D-B774-10EB5B525480}"
EndProject
Global
	GlobalSection(SolutionConfigurationPlatforms) = preSolution
		Debug|Any CPU = Debug|Any CPU
		Release|Any CPU = Release|Any CPU
	EndGlobalSection
	GlobalSection(ProjectConfigurationPlatforms) = postSolution
		{5EFC09A3-D3E0-406D-B774-10EB5B525480}.Debug|Any CPU.ActiveCfg = Debug|Any CPU
		{5EFC09A3-D3E0-406D-B774-10EB5B525480}.Debug|Any CPU.Build.0 = Debug|Any CPU
		{5EFC09A3-D3E0-406D-B774-10EB5B525480}.Release|Any CPU.ActiveCfg = Release|Any CPU
		{5EFC09A3-D3E0-406D-B774-10EB5B525480}.Release|Any CPU.Build.0 = Release|Any CPU
	EndGlobalSection
	GlobalSection(SolutionProperties) = preSolution
		HideSolutionNode = FALSE
	EndGlobalSection
	GlobalSection(ExtensibilityGlobals) = postSolution
		SolutionGuid = {CEB5F62C-FB98-488E-998F-474B8CA6C548}
	EndGlobalSection
EndGlobal
